{
  "originHash" : "b6e6dc27a8693bcc379114dac7408c67206ba448b6fd1c6f3f26cb9916e6854a",
  "pins" : [
    {
      "identity" : "licensesplugin",
      "kind" : "remoteSourceControl",
      "location" : "https://github.com/maiyama18/LicensesPlugin",
      "state" : {
        "revision" : "e7dbcda9f67fdd747c16244f97070a009205e814",
        "version" : "0.1.5"
      }
    },
    {
      "identity" : "logdog",
      "kind" : "remoteSourceControl",
      "location" : "https://github.com/uhooi/Logdog.git",
      "state" : {
        "branch" : "main",
        "revision" : "bceaa67c1ae9b3f30c05c051431ce5644befbac5"
      }
    },
    {
      "identity" : "playbook-ios",
      "kind" : "remoteSourceControl",
      "location" : "https://github.com/playbook-ui/playbook-ios.git",
      "state" : {
        "revision" : "b2f25b15e82bc9aca59d60e79695f0c338e0e2e9",
        "version" : "0.3.2"
      }
    },
    {
      "identity" : "swift-algorithms",
      "kind" : "remoteSourceControl",
      "location" : "https://github.com/apple/swift-algorithms.git",
      "state" : {
        "revision" : "b14b7f4c528c942f121c8b860b9410b2bf57825e",
        "version" : "1.0.0"
      }
    },
    {
      "identity" : "swift-numerics",
      "kind" : "remoteSourceControl",
      "location" : "https://github.com/apple/swift-numerics",
      "state" : {
        "revision" : "0a5bc04095a675662cf24757cc0640aa2204253b",
        "version" : "1.0.2"
      }
    }
  ],
  "version" : 3
}
